
Microsoft Visual Studio Solution File, Format Version 12.00
# Visual Studio 15
VisualStudioVersion = 15.0.28010.2041
MinimumVisualStudioVersion = 10.0.40219.1
Project("{2150E333-8FDC-42A3-9474-1A3956D46DE8}") = "Domain", "Domain", "{A6191C0A-0564-44C3-92A2-07BC268AC828}"
EndProject
Project("{FAE04EC0-301F-11D3-BF4B-00C04F79EFBC}") = "UOM.Domain", "UOM.Domain\UOM.Domain.csproj", "{A6AA75A8-A5F3-482C-8AF3-6EDDB917779C}"
EndProject
Project("{FAE04EC0-301F-11D3-BF4B-00C04F79EFBC}") = "UOM.Domain.Tests.Unit", "UOM.Domain.Tests.Unit\UOM.Domain.Tests.Unit.csproj", "{92731A3E-3430-4B44-8E41-2865656E8A56}"
EndProject
Project("{2150E333-8FDC-42A3-9474-1A3956D46DE8}") = "UnitOfMeasure", "UnitOfMeasure", "{0F0ED173-D2C6-4461-8686-F854D72AA702}"
EndProject
Project("{2150E333-8FDC-42A3-9474-1A3956D46DE8}") = "Framework", "Framework", "{1F1E64C5-4A1F-4E44-A576-8C59F6015225}"
EndProject
Project("{FAE04EC0-301F-11D3-BF4B-00C04F79EFBC}") = "Framework.Domain", "Framework.Domain\Framework.Domain.csproj", "{80323DAD-2D29-4E5B-9F84-CC1883657969}"
EndProject
Project("{2150E333-8FDC-42A3-9474-1A3956D46DE8}") = "Application", "Application", "{582E3D77-CB2F-4D5A-B76C-30D727821AC5}"
EndProject
Project("{FAE04EC0-301F-11D3-BF4B-00C04F79EFBC}") = "UOM.Application", "UOM.Application\UOM.Application.csproj", "{0ED05636-9C82-4D92-8130-83E8477D52C1}"
EndProject
Project("{FAE04EC0-301F-11D3-BF4B-00C04F79EFBC}") = "UOM.Application.Tests.Unit", "UOM.Application.Tests.Unit\UOM.Application.Tests.Unit.csproj", "{FFEB012E-85B2-49DC-86F2-076575B47AB7}"
EndProject
Project("{FAE04EC0-301F-11D3-BF4B-00C04F79EFBC}") = "UOM.Tests.Acceptance", "UOM.Tests.Acceptance\UOM.Tests.Acceptance.csproj", "{6BE857C9-3802-4CA3-B6EB-961F4E4DC5DA}"
EndProject
Project("{2150E333-8FDC-42A3-9474-1A3956D46DE8}") = "Interface", "Interface", "{809346AB-3326-4FEF-A528-DC74A3871608}"
EndProject
Project("{FAE04EC0-301F-11D3-BF4B-00C04F79EFBC}") = "UOM.Interface.RestApi", "UOM.Interface.RestApi\UOM.Interface.RestApi.csproj", "{0A3974A6-17BE-46DC-A923-DAEF902A7A7E}"
EndProject
Project("{FAE04EC0-301F-11D3-BF4B-00C04F79EFBC}") = "UOM.Application.Contracts", "UOM.Application.Contracts\UOM.Application.Contracts.csproj", "{6277C973-C95C-41C0-AD6E-825845A72CC4}"
EndProject
Project("{2150E333-8FDC-42A3-9474-1A3956D46DE8}") = "Tests", "Tests", "{53DFB14D-CB1E-40ED-8F8C-3D68C8BA7106}"
EndProject
Project("{FAE04EC0-301F-11D3-BF4B-00C04F79EFBC}") = "ServiceHost", "ServiceHost\ServiceHost.csproj", "{BA2163D5-3029-4356-AE4C-D29EB38A3C5A}"
EndProject
Project("{FAE04EC0-301F-11D3-BF4B-00C04F79EFBC}") = "UOM.Config.Castle", "UOM.Config.Castle\UOM.Config.Castle.csproj", "{679A01B2-330E-4A8C-9DD3-65D7DC5FE207}"
EndProject
Project("{2150E333-8FDC-42A3-9474-1A3956D46DE8}") = "ProductManagement", "ProductManagement", "{3637F471-86C5-4B2E-9546-45E4477A479E}"
EndProject
Project("{2150E333-8FDC-42A3-9474-1A3956D46DE8}") = "Infrastructure", "Infrastructure", "{5CCCA150-82EF-4856-B04A-9189BDAA8AF4}"
EndProject
Project("{FAE04EC0-301F-11D3-BF4B-00C04F79EFBC}") = "UOM.Persistence.NH", "UOM.Domain.Persistence.NH\UOM.Persistence.NH.csproj", "{A59E898B-6B6C-45E4-91DC-F20E77E65EF3}"
EndProject
Project("{2150E333-8FDC-42A3-9474-1A3956D46DE8}") = "Domain", "Domain", "{1B6625DB-6F40-4B9F-B775-4B50B53E05C7}"
EndProject
Project("{FAE04EC0-301F-11D3-BF4B-00C04F79EFBC}") = "ProductManagement.Domain", "ProductManagement.Domain\ProductManagement.Domain.csproj", "{59EF6D3A-DC4E-4D23-9452-A7695CD2C3F4}"
EndProject
Project("{2150E333-8FDC-42A3-9474-1A3956D46DE8}") = "Tests", "Tests", "{AA9F67F7-3B34-44ED-A306-F9F28EC0FF6D}"
EndProject
Project("{FAE04EC0-301F-11D3-BF4B-00C04F79EFBC}") = "ProductManagement.Tests.Acceptance", "ProductManagement.Tests.Acceptance\ProductManagement.Tests.Acceptance.csproj", "{3C0547CC-DF5A-4941-9DD4-6867C68B2149}"
EndProject
Project("{FAE04EC0-301F-11D3-BF4B-00C04F79EFBC}") = "ProductManagement.Domain.Tests.Unit", "ProductManagement.Domain.Tests.Unit\ProductManagement.Domain.Tests.Unit.csproj", "{4BE93813-1625-4BF6-9E9E-B8920CD84C00}"
EndProject
Project("{FAE04EC0-301F-11D3-BF4B-00C04F79EFBC}") = "Framework.NH", "Framework.NH\Framework.NH.csproj", "{E7184B1D-AEA7-4FD4-999D-7DEF111F3546}"
EndProject
Project("{FAE04EC0-301F-11D3-BF4B-00C04F79EFBC}") = "Framework.Application", "Framework.Application\Framework.Application.csproj", "{BA244181-E8CD-4F7E-B6A4-DA8B3463E9B6}"
EndProject
Project("{FAE04EC0-301F-11D3-BF4B-00C04F79EFBC}") = "Framework.Core", "Framework.Core\Framework.Core.csproj", "{2E452233-F13B-4940-810B-D01B8C51D4A7}"
EndProject
Project("{FAE04EC0-301F-11D3-BF4B-00C04F79EFBC}") = "Framework.CastleWindsor", "Framework.CastleWindsor\Framework.CastleWindsor.csproj", "{B5D9FB43-9AC5-4219-AF76-D84A11D8ADA5}"
EndProject
Project("{FAE04EC0-301F-11D3-BF4B-00C04F79EFBC}") = "Framework.Config.Castle", "Framework.Config.Castle\Framework.Config.Castle.csproj", "{A27F55FD-0EC7-4FC2-A2CD-B7000AC08950}"
EndProject
Project("{FAE04EC0-301F-11D3-BF4B-00C04F79EFBC}") = "UOM.DatabaseMigrations", "UOM.DatabaseMigrations\UOM.DatabaseMigrations.csproj", "{F9A24802-02B6-4B58-A2B5-B2B28C0FC69D}"
EndProject
Project("{FAE04EC0-301F-11D3-BF4B-00C04F79EFBC}") = "UOM.Query.Model", "UOM.Query.Model\UOM.Query.Model.csproj", "{D9DAC26F-CCF8-48C3-B999-5DFAAA9BC5BF}"
EndProject
Global
	GlobalSection(SolutionConfigurationPlatforms) = preSolution
		Debug|Any CPU = Debug|Any CPU
		Release|Any CPU = Release|Any CPU
	EndGlobalSection
	GlobalSection(ProjectConfigurationPlatforms) = postSolution
		{A6AA75A8-A5F3-482C-8AF3-6EDDB917779C}.Debug|Any CPU.ActiveCfg = Debug|Any CPU
		{A6AA75A8-A5F3-482C-8AF3-6EDDB917779C}.Debug|Any CPU.Build.0 = Debug|Any CPU
		{A6AA75A8-A5F3-482C-8AF3-6EDDB917779C}.Release|Any CPU.ActiveCfg = Release|Any CPU
		{A6AA75A8-A5F3-482C-8AF3-6EDDB917779C}.Release|Any CPU.Build.0 = Release|Any CPU
		{92731A3E-3430-4B44-8E41-2865656E8A56}.Debug|Any CPU.ActiveCfg = Debug|Any CPU
		{92731A3E-3430-4B44-8E41-2865656E8A56}.Debug|Any CPU.Build.0 = Debug|Any CPU
		{92731A3E-3430-4B44-8E41-2865656E8A56}.Release|Any CPU.ActiveCfg = Release|Any CPU
		{92731A3E-3430-4B44-8E41-2865656E8A56}.Release|Any CPU.Build.0 = Release|Any CPU
		{80323DAD-2D29-4E5B-9F84-CC1883657969}.Debug|Any CPU.ActiveCfg = Debug|Any CPU
		{80323DAD-2D29-4E5B-9F84-CC1883657969}.Debug|Any CPU.Build.0 = Debug|Any CPU
		{80323DAD-2D29-4E5B-9F84-CC1883657969}.Release|Any CPU.ActiveCfg = Release|Any CPU
		{80323DAD-2D29-4E5B-9F84-CC1883657969}.Release|Any CPU.Build.0 = Release|Any CPU
		{0ED05636-9C82-4D92-8130-83E8477D52C1}.Debug|Any CPU.ActiveCfg = Debug|Any CPU
		{0ED05636-9C82-4D92-8130-83E8477D52C1}.Debug|Any CPU.Build.0 = Debug|Any CPU
		{0ED05636-9C82-4D92-8130-83E8477D52C1}.Release|Any CPU.ActiveCfg = Release|Any CPU
		{0ED05636-9C82-4D92-8130-83E8477D52C1}.Release|Any CPU.Build.0 = Release|Any CPU
		{FFEB012E-85B2-49DC-86F2-076575B47AB7}.Debug|Any CPU.ActiveCfg = Debug|Any CPU
		{FFEB012E-85B2-49DC-86F2-076575B47AB7}.Debug|Any CPU.Build.0 = Debug|Any CPU
		{FFEB012E-85B2-49DC-86F2-076575B47AB7}.Release|Any CPU.ActiveCfg = Release|Any CPU
		{FFEB012E-85B2-49DC-86F2-076575B47AB7}.Release|Any CPU.Build.0 = Release|Any CPU
		{6BE857C9-3802-4CA3-B6EB-961F4E4DC5DA}.Debug|Any CPU.ActiveCfg = Debug|Any CPU
		{6BE857C9-3802-4CA3-B6EB-961F4E4DC5DA}.Debug|Any CPU.Build.0 = Debug|Any CPU
		{6BE857C9-3802-4CA3-B6EB-961F4E4DC5DA}.Release|Any CPU.ActiveCfg = Release|Any CPU
		{6BE857C9-3802-4CA3-B6EB-961F4E4DC5DA}.Release|Any CPU.Build.0 = Release|Any CPU
		{0A3974A6-17BE-46DC-A923-DAEF902A7A7E}.Debug|Any CPU.ActiveCfg = Debug|Any CPU
		{0A3974A6-17BE-46DC-A923-DAEF902A7A7E}.Debug|Any CPU.Build.0 = Debug|Any CPU
		{0A3974A6-17BE-46DC-A923-DAEF902A7A7E}.Release|Any CPU.ActiveCfg = Release|Any CPU
		{0A3974A6-17BE-46DC-A923-DAEF902A7A7E}.Release|Any CPU.Build.0 = Release|Any CPU
		{6277C973-C95C-41C0-AD6E-825845A72CC4}.Debug|Any CPU.ActiveCfg = Debug|Any CPU
		{6277C973-C95C-41C0-AD6E-825845A72CC4}.Debug|Any CPU.Build.0 = Debug|Any CPU
		{6277C973-C95C-41C0-AD6E-825845A72CC4}.Release|Any CPU.ActiveCfg = Release|Any CPU
		{6277C973-C95C-41C0-AD6E-825845A72CC4}.Release|Any CPU.Build.0 = Release|Any CPU
		{BA2163D5-3029-4356-AE4C-D29EB38A3C5A}.Debug|Any CPU.ActiveCfg = Debug|Any CPU
		{BA2163D5-3029-4356-AE4C-D29EB38A3C5A}.Debug|Any CPU.Build.0 = Debug|Any CPU
		{BA2163D5-3029-4356-AE4C-D29EB38A3C5A}.Release|Any CPU.ActiveCfg = Release|Any CPU
		{BA2163D5-3029-4356-AE4C-D29EB38A3C5A}.Release|Any CPU.Build.0 = Release|Any CPU
		{679A01B2-330E-4A8C-9DD3-65D7DC5FE207}.Debug|Any CPU.ActiveCfg = Debug|Any CPU
		{679A01B2-330E-4A8C-9DD3-65D7DC5FE207}.Debug|Any CPU.Build.0 = Debug|Any CPU
		{679A01B2-330E-4A8C-9DD3-65D7DC5FE207}.Release|Any CPU.ActiveCfg = Release|Any CPU
		{679A01B2-330E-4A8C-9DD3-65D7DC5FE207}.Release|Any CPU.Build.0 = Release|Any CPU
		{A59E898B-6B6C-45E4-91DC-F20E77E65EF3}.Debug|Any CPU.ActiveCfg = Debug|Any CPU
		{A59E898B-6B6C-45E4-91DC-F20E77E65EF3}.Debug|Any CPU.Build.0 = Debug|Any CPU
		{A59E898B-6B6C-45E4-91DC-F20E77E65EF3}.Release|Any CPU.ActiveCfg = Release|Any CPU
		{A59E898B-6B6C-45E4-91DC-F20E77E65EF3}.Release|Any CPU.Build.0 = Release|Any CPU
		{59EF6D3A-DC4E-4D23-9452-A7695CD2C3F4}.Debug|Any CPU.ActiveCfg = Debug|Any CPU
		{59EF6D3A-DC4E-4D23-9452-A7695CD2C3F4}.Debug|Any CPU.Build.0 = Debug|Any CPU
		{59EF6D3A-DC4E-4D23-9452-A7695CD2C3F4}.Release|Any CPU.ActiveCfg = Release|Any CPU
		{59EF6D3A-DC4E-4D23-9452-A7695CD2C3F4}.Release|Any CPU.Build.0 = Release|Any CPU
		{3C0547CC-DF5A-4941-9DD4-6867C68B2149}.Debug|Any CPU.ActiveCfg = Debug|Any CPU
		{3C0547CC-DF5A-4941-9DD4-6867C68B2149}.Debug|Any CPU.Build.0 = Debug|Any CPU
		{3C0547CC-DF5A-4941-9DD4-6867C68B2149}.Release|Any CPU.ActiveCfg = Release|Any CPU
		{3C0547CC-DF5A-4941-9DD4-6867C68B2149}.Release|Any CPU.Build.0 = Release|Any CPU
		{4BE93813-1625-4BF6-9E9E-B8920CD84C00}.Debug|Any CPU.ActiveCfg = Debug|Any CPU
		{4BE93813-1625-4BF6-9E9E-B8920CD84C00}.Debug|Any CPU.Build.0 = Debug|Any CPU
		{4BE93813-1625-4BF6-9E9E-B8920CD84C00}.Release|Any CPU.ActiveCfg = Release|Any CPU
		{4BE93813-1625-4BF6-9E9E-B8920CD84C00}.Release|Any CPU.Build.0 = Release|Any CPU
		{E7184B1D-AEA7-4FD4-999D-7DEF111F3546}.Debug|Any CPU.ActiveCfg = Debug|Any CPU
		{E7184B1D-AEA7-4FD4-999D-7DEF111F3546}.Debug|Any CPU.Build.0 = Debug|Any CPU
		{E7184B1D-AEA7-4FD4-999D-7DEF111F3546}.Release|Any CPU.ActiveCfg = Release|Any CPU
		{E7184B1D-AEA7-4FD4-999D-7DEF111F3546}.Release|Any CPU.Build.0 = Release|Any CPU
		{BA244181-E8CD-4F7E-B6A4-DA8B3463E9B6}.Debug|Any CPU.ActiveCfg = Debug|Any CPU
		{BA244181-E8CD-4F7E-B6A4-DA8B3463E9B6}.Debug|Any CPU.Build.0 = Debug|Any CPU
		{BA244181-E8CD-4F7E-B6A4-DA8B3463E9B6}.Release|Any CPU.ActiveCfg = Release|Any CPU
		{BA244181-E8CD-4F7E-B6A4-DA8B3463E9B6}.Release|Any CPU.Build.0 = Release|Any CPU
		{2E452233-F13B-4940-810B-D01B8C51D4A7}.Debug|Any CPU.ActiveCfg = Debug|Any CPU
		{2E452233-F13B-4940-810B-D01B8C51D4A7}.Debug|Any CPU.Build.0 = Debug|Any CPU
		{2E452233-F13B-4940-810B-D01B8C51D4A7}.Release|Any CPU.ActiveCfg = Release|Any CPU
		{2E452233-F13B-4940-810B-D01B8C51D4A7}.Release|Any CPU.Build.0 = Release|Any CPU
		{B5D9FB43-9AC5-4219-AF76-D84A11D8ADA5}.Debug|Any CPU.ActiveCfg = Debug|Any CPU
		{B5D9FB43-9AC5-4219-AF76-D84A11D8ADA5}.Debug|Any CPU.Build.0 = Debug|Any CPU
		{B5D9FB43-9AC5-4219-AF76-D84A11D8ADA5}.Release|Any CPU.ActiveCfg = Release|Any CPU
		{B5D9FB43-9AC5-4219-AF76-D84A11D8ADA5}.Release|Any CPU.Build.0 = Release|Any CPU
		{A27F55FD-0EC7-4FC2-A2CD-B7000AC08950}.Debug|Any CPU.ActiveCfg = Debug|Any CPU
		{A27F55FD-0EC7-4FC2-A2CD-B7000AC08950}.Debug|Any CPU.Build.0 = Debug|Any CPU
		{A27F55FD-0EC7-4FC2-A2CD-B7000AC08950}.Release|Any CPU.ActiveCfg = Release|Any CPU
		{A27F55FD-0EC7-4FC2-A2CD-B7000AC08950}.Release|Any CPU.Build.0 = Release|Any CPU
		{F9A24802-02B6-4B58-A2B5-B2B28C0FC69D}.Debug|Any CPU.ActiveCfg = Debug|Any CPU
		{F9A24802-02B6-4B58-A2B5-B2B28C0FC69D}.Debug|Any CPU.Build.0 = Debug|Any CPU
		{F9A24802-02B6-4B58-A2B5-B2B28C0FC69D}.Release|Any CPU.ActiveCfg = Release|Any CPU
		{F9A24802-02B6-4B58-A2B5-B2B28C0FC69D}.Release|Any CPU.Build.0 = Release|Any CPU
		{D9DAC26F-CCF8-48C3-B999-5DFAAA9BC5BF}.Debug|Any CPU.ActiveCfg = Debug|Any CPU
		{D9DAC26F-CCF8-48C3-B999-5DFAAA9BC5BF}.Debug|Any CPU.Build.0 = Debug|Any CPU
		{D9DAC26F-CCF8-48C3-B999-5DFAAA9BC5BF}.Release|Any CPU.ActiveCfg = Release|Any CPU
		{D9DAC26F-CCF8-48C3-B999-5DFAAA9BC5BF}.Release|Any CPU.Build.0 = Release|Any CPU
	EndGlobalSection
	GlobalSection(SolutionProperties) = preSolution
		HideSolutionNode = FALSE
	EndGlobalSection
	GlobalSection(NestedProjects) = preSolution
		{A6191C0A-0564-44C3-92A2-07BC268AC828} = {0F0ED173-D2C6-4461-8686-F854D72AA702}
		{A6AA75A8-A5F3-482C-8AF3-6EDDB917779C} = {A6191C0A-0564-44C3-92A2-07BC268AC828}
		{92731A3E-3430-4B44-8E41-2865656E8A56} = {A6191C0A-0564-44C3-92A2-07BC268AC828}
		{80323DAD-2D29-4E5B-9F84-CC1883657969} = {1F1E64C5-4A1F-4E44-A576-8C59F6015225}
		{582E3D77-CB2F-4D5A-B76C-30D727821AC5} = {0F0ED173-D2C6-4461-8686-F854D72AA702}
		{0ED05636-9C82-4D92-8130-83E8477D52C1} = {582E3D77-CB2F-4D5A-B76C-30D727821AC5}
		{FFEB012E-85B2-49DC-86F2-076575B47AB7} = {582E3D77-CB2F-4D5A-B76C-30D727821AC5}
		{6BE857C9-3802-4CA3-B6EB-961F4E4DC5DA} = {53DFB14D-CB1E-40ED-8F8C-3D68C8BA7106}
		{809346AB-3326-4FEF-A528-DC74A3871608} = {0F0ED173-D2C6-4461-8686-F854D72AA702}
		{0A3974A6-17BE-46DC-A923-DAEF902A7A7E} = {809346AB-3326-4FEF-A528-DC74A3871608}
		{6277C973-C95C-41C0-AD6E-825845A72CC4} = {582E3D77-CB2F-4D5A-B76C-30D727821AC5}
		{53DFB14D-CB1E-40ED-8F8C-3D68C8BA7106} = {0F0ED173-D2C6-4461-8686-F854D72AA702}
		{679A01B2-330E-4A8C-9DD3-65D7DC5FE207} = {0F0ED173-D2C6-4461-8686-F854D72AA702}
		{5CCCA150-82EF-4856-B04A-9189BDAA8AF4} = {0F0ED173-D2C6-4461-8686-F854D72AA702}
		{A59E898B-6B6C-45E4-91DC-F20E77E65EF3} = {5CCCA150-82EF-4856-B04A-9189BDAA8AF4}
		{1B6625DB-6F40-4B9F-B775-4B50B53E05C7} = {3637F471-86C5-4B2E-9546-45E4477A479E}
		{59EF6D3A-DC4E-4D23-9452-A7695CD2C3F4} = {1B6625DB-6F40-4B9F-B775-4B50B53E05C7}
		{AA9F67F7-3B34-44ED-A306-F9F28EC0FF6D} = {3637F471-86C5-4B2E-9546-45E4477A479E}
		{3C0547CC-DF5A-4941-9DD4-6867C68B2149} = {AA9F67F7-3B34-44ED-A306-F9F28EC0FF6D}
		{4BE93813-1625-4BF6-9E9E-B8920CD84C00} = {1B6625DB-6F40-4B9F-B775-4B50B53E05C7}
		{E7184B1D-AEA7-4FD4-999D-7DEF111F3546} = {1F1E64C5-4A1F-4E44-A576-8C59F6015225}
		{BA244181-E8CD-4F7E-B6A4-DA8B3463E9B6} = {1F1E64C5-4A1F-4E44-A576-8C59F6015225}
		{2E452233-F13B-4940-810B-D01B8C51D4A7} = {1F1E64C5-4A1F-4E44-A576-8C59F6015225}
		{B5D9FB43-9AC5-4219-AF76-D84A11D8ADA5} = {1F1E64C5-4A1F-4E44-A576-8C59F6015225}
		{A27F55FD-0EC7-4FC2-A2CD-B7000AC08950} = {1F1E64C5-4A1F-4E44-A576-8C59F6015225}
		{F9A24802-02B6-4B58-A2B5-B2B28C0FC69D} = {5CCCA150-82EF-4856-B04A-9189BDAA8AF4}
		{D9DAC26F-CCF8-48C3-B999-5DFAAA9BC5BF} = {5CCCA150-82EF-4856-B04A-9189BDAA8AF4}
	EndGlobalSection
	GlobalSection(ExtensibilityGlobals) = postSolution
		SolutionGuid = {8C0ACC9E-BFCE-4F18-B174-707B5A1379A2}
	EndGlobalSection
EndGlobal
